
Microsoft Visual Studio Solution File, Format Version 12.00
# Visual Studio Version 16
VisualStudioVersion = 16.0.30114.105
MinimumVisualStudioVersion = 10.0.40219.1
Project("{2150E333-8FDC-42A3-9474-1A3956D46DE8}") = "src", "src", "{43622A05-B7C4-4B81-AF53-2E7FE6DA4022}"
EndProject
Project("{2150E333-8FDC-42A3-9474-1A3956D46DE8}") = "api", "api", "{9716B0EC-8FCA-4DDC-AB4D-280E858E26AB}"
EndProject
Project("{2150E333-8FDC-42A3-9474-1A3956D46DE8}") = "core", "core", "{3B650C3E-D48B-4A5A-A0B7-501C0A98FF88}"
EndProject
Project("{2150E333-8FDC-42A3-9474-1A3956D46DE8}") = "infrastructure", "infrastructure", "{F66AAFD4-5115-4794-98DE-ED4E5C8950A6}"
EndProject
Project("{FAE04EC0-301F-11D3-BF4B-00C04F79EFBC}") = "IdentityService.API", "IdentityService.API\IdentityService.API.csproj", "{90E35B3C-D849-4CB6-B3AB-CB69AA0FB123}"
EndProject
Project("{FAE04EC0-301F-11D3-BF4B-00C04F79EFBC}") = "IdentityService.Application", "IdentityService.Application\IdentityService.Application.csproj", "{5A3C18D0-3B1B-495A-8E43-97309A315100}"
EndProject
Project("{FAE04EC0-301F-11D3-BF4B-00C04F79EFBC}") = "IdentityService.Infrastructure", "IdentityService.Infrastructure\IdentityService.Infrastructure.csproj", "{9CBC8F16-07DB-45F2-804B-8473A1679468}"
EndProject
Project("{FAE04EC0-301F-11D3-BF4B-00C04F79EFBC}") = "IdentityService.Persistence", "IdentityService.Persistence\IdentityService.Persistence.csproj", "{1FCF13DC-A9B7-46FF-837E-C3E1A14B2A14}"
EndProject
Project("{FAE04EC0-301F-11D3-BF4B-00C04F79EFBC}") = "IdentityService.Domain", "IdentityService.Domain\IdentityService.Domain.csproj", "{E0A97B23-DB99-47C3-8230-E8AB42BA63FF}"
EndProject
Global
	GlobalSection(SolutionConfigurationPlatforms) = preSolution
		Debug|Any CPU = Debug|Any CPU
		Debug|x64 = Debug|x64
		Debug|x86 = Debug|x86
		Release|Any CPU = Release|Any CPU
		Release|x64 = Release|x64
		Release|x86 = Release|x86
	EndGlobalSection
	GlobalSection(SolutionProperties) = preSolution
		HideSolutionNode = FALSE
	EndGlobalSection
	GlobalSection(NestedProjects) = preSolution
		{9716B0EC-8FCA-4DDC-AB4D-280E858E26AB} = {43622A05-B7C4-4B81-AF53-2E7FE6DA4022}
		{3B650C3E-D48B-4A5A-A0B7-501C0A98FF88} = {43622A05-B7C4-4B81-AF53-2E7FE6DA4022}
		{F66AAFD4-5115-4794-98DE-ED4E5C8950A6} = {43622A05-B7C4-4B81-AF53-2E7FE6DA4022}
		{90E35B3C-D849-4CB6-B3AB-CB69AA0FB123} = {9716B0EC-8FCA-4DDC-AB4D-280E858E26AB}
		{5A3C18D0-3B1B-495A-8E43-97309A315100} = {3B650C3E-D48B-4A5A-A0B7-501C0A98FF88}
		{9CBC8F16-07DB-45F2-804B-8473A1679468} = {F66AAFD4-5115-4794-98DE-ED4E5C8950A6}
		{1FCF13DC-A9B7-46FF-837E-C3E1A14B2A14} = {F66AAFD4-5115-4794-98DE-ED4E5C8950A6}
		{E0A97B23-DB99-47C3-8230-E8AB42BA63FF} = {3B650C3E-D48B-4A5A-A0B7-501C0A98FF88}
	EndGlobalSection
	GlobalSection(ProjectConfigurationPlatforms) = postSolution
		{90E35B3C-D849-4CB6-B3AB-CB69AA0FB123}.Debug|Any CPU.ActiveCfg = Debug|Any CPU
		{90E35B3C-D849-4CB6-B3AB-CB69AA0FB123}.Debug|Any CPU.Build.0 = Debug|Any CPU
		{90E35B3C-D849-4CB6-B3AB-CB69AA0FB123}.Debug|x64.ActiveCfg = Debug|Any CPU
		{90E35B3C-D849-4CB6-B3AB-CB69AA0FB123}.Debug|x64.Build.0 = Debug|Any CPU
		{90E35B3C-D849-4CB6-B3AB-CB69AA0FB123}.Debug|x86.ActiveCfg = Debug|Any CPU
		{90E35B3C-D849-4CB6-B3AB-CB69AA0FB123}.Debug|x86.Build.0 = Debug|Any CPU
		{90E35B3C-D849-4CB6-B3AB-CB69AA0FB123}.Release|Any CPU.ActiveCfg = Release|Any CPU
		{90E35B3C-D849-4CB6-B3AB-CB69AA0FB123}.Release|Any CPU.Build.0 = Release|Any CPU
		{90E35B3C-D849-4CB6-B3AB-CB69AA0FB123}.Release|x64.ActiveCfg = Release|Any CPU
		{90E35B3C-D849-4CB6-B3AB-CB69AA0FB123}.Release|x64.Build.0 = Release|Any CPU
		{90E35B3C-D849-4CB6-B3AB-CB69AA0FB123}.Release|x86.ActiveCfg = Release|Any CPU
		{90E35B3C-D849-4CB6-B3AB-CB69AA0FB123}.Release|x86.Build.0 = Release|Any CPU
		{5A3C18D0-3B1B-495A-8E43-97309A315100}.Debug|Any CPU.ActiveCfg = Debug|Any CPU
		{5A3C18D0-3B1B-495A-8E43-97309A315100}.Debug|Any CPU.Build.0 = Debug|Any CPU
		{5A3C18D0-3B1B-495A-8E43-97309A315100}.Debug|x64.ActiveCfg = Debug|Any CPU
		{5A3C18D0-3B1B-495A-8E43-97309A315100}.Debug|x64.Build.0 = Debug|Any CPU
		{5A3C18D0-3B1B-495A-8E43-97309A315100}.Debug|x86.ActiveCfg = Debug|Any CPU
		{5A3C18D0-3B1B-495A-8E43-97309A315100}.Debug|x86.Build.0 = Debug|Any CPU
		{5A3C18D0-3B1B-495A-8E43-97309A315100}.Release|Any CPU.ActiveCfg = Release|Any CPU
		{5A3C18D0-3B1B-495A-8E43-97309A315100}.Release|Any CPU.Build.0 = Release|Any CPU
		{5A3C18D0-3B1B-495A-8E43-97309A315100}.Release|x64.ActiveCfg = Release|Any CPU
		{5A3C18D0-3B1B-495A-8E43-97309A315100}.Release|x64.Build.0 = Release|Any CPU
		{5A3C18D0-3B1B-495A-8E43-97309A315100}.Release|x86.ActiveCfg = Release|Any CPU
		{5A3C18D0-3B1B-495A-8E43-97309A315100}.Release|x86.Build.0 = Release|Any CPU
		{9CBC8F16-07DB-45F2-804B-8473A1679468}.Debug|Any CPU.ActiveCfg = Debug|Any CPU
		{9CBC8F16-07DB-45F2-804B-8473A1679468}.Debug|Any CPU.Build.0 = Debug|Any CPU
		{9CBC8F16-07DB-45F2-804B-8473A1679468}.Debug|x64.ActiveCfg = Debug|Any CPU
		{9CBC8F16-07DB-45F2-804B-8473A1679468}.Debug|x64.Build.0 = Debug|Any CPU
		{9CBC8F16-07DB-45F2-804B-8473A1679468}.Debug|x86.ActiveCfg = Debug|Any CPU
		{9CBC8F16-07DB-45F2-804B-8473A1679468}.Debug|x86.Build.0 = Debug|Any CPU
		{9CBC8F16-07DB-45F2-804B-8473A1679468}.Release|Any CPU.ActiveCfg = Release|Any CPU
		{9CBC8F16-07DB-45F2-804B-8473A1679468}.Release|Any CPU.Build.0 = Release|Any CPU
		{9CBC8F16-07DB-45F2-804B-8473A1679468}.Release|x64.ActiveCfg = Release|Any CPU
		{9CBC8F16-07DB-45F2-804B-8473A1679468}.Release|x64.Build.0 = Release|Any CPU
		{9CBC8F16-07DB-45F2-804B-8473A1679468}.Release|x86.ActiveCfg = Release|Any CPU
		{9CBC8F16-07DB-45F2-804B-8473A1679468}.Release|x86.Build.0 = Release|Any CPU
		{1FCF13DC-A9B7-46FF-837E-C3E1A14B2A14}.Debug|Any CPU.ActiveCfg = Debug|Any CPU
		{1FCF13DC-A9B7-46FF-837E-C3E1A14B2A14}.Debug|Any CPU.Build.0 = Debug|Any CPU
		{1FCF13DC-A9B7-46FF-837E-C3E1A14B2A14}.Debug|x64.ActiveCfg = Debug|Any CPU
		{1FCF13DC-A9B7-46FF-837E-C3E1A14B2A14}.Debug|x64.Build.0 = Debug|Any CPU
		{1FCF13DC-A9B7-46FF-837E-C3E1A14B2A14}.Debug|x86.ActiveCfg = Debug|Any CPU
		{1FCF13DC-A9B7-46FF-837E-C3E1A14B2A14}.Debug|x86.Build.0 = Debug|Any CPU
		{1FCF13DC-A9B7-46FF-837E-C3E1A14B2A14}.Release|Any CPU.ActiveCfg = Release|Any CPU
		{1FCF13DC-A9B7-46FF-837E-C3E1A14B2A14}.Release|Any CPU.Build.0 = Release|Any CPU
		{1FCF13DC-A9B7-46FF-837E-C3E1A14B2A14}.Release|x64.ActiveCfg = Release|Any CPU
		{1FCF13DC-A9B7-46FF-837E-C3E1A14B2A14}.Release|x64.Build.0 = Release|Any CPU
		{1FCF13DC-A9B7-46FF-837E-C3E1A14B2A14}.Release|x86.ActiveCfg = Release|Any CPU
		{1FCF13DC-A9B7-46FF-837E-C3E1A14B2A14}.Release|x86.Build.0 = Release|Any CPU
		{E0A97B23-DB99-47C3-8230-E8AB42BA63FF}.Debug|Any CPU.ActiveCfg = Debug|Any CPU
		{E0A97B23-DB99-47C3-8230-E8AB42BA63FF}.Debug|Any CPU.Build.0 = Debug|Any CPU
		{E0A97B23-DB99-47C3-8230-E8AB42BA63FF}.Debug|x64.ActiveCfg = Debug|Any CPU
		{E0A97B23-DB99-47C3-8230-E8AB42BA63FF}.Debug|x64.Build.0 = Debug|Any CPU
		{E0A97B23-DB99-47C3-8230-E8AB42BA63FF}.Debug|x86.ActiveCfg = Debug|Any CPU
		{E0A97B23-DB99-47C3-8230-E8AB42BA63FF}.Debug|x86.Build.0 = Debug|Any CPU
		{E0A97B23-DB99-47C3-8230-E8AB42BA63FF}.Release|Any CPU.ActiveCfg = Release|Any CPU
		{E0A97B23-DB99-47C3-8230-E8AB42BA63FF}.Release|Any CPU.Build.0 = Release|Any CPU
		{E0A97B23-DB99-47C3-8230-E8AB42BA63FF}.Release|x64.ActiveCfg = Release|Any CPU
		{E0A97B23-DB99-47C3-8230-E8AB42BA63FF}.Release|x64.Build.0 = Release|Any CPU
		{E0A97B23-DB99-47C3-8230-E8AB42BA63FF}.Release|x86.ActiveCfg = Release|Any CPU
		{E0A97B23-DB99-47C3-8230-E8AB42BA63FF}.Release|x86.Build.0 = Release|Any CPU
	EndGlobalSection
EndGlobal
