
Microsoft Visual Studio Solution File, Format Version 12.00
# Visual Studio Version 16
VisualStudioVersion = 16.0.30114.105
MinimumVisualStudioVersion = 10.0.40219.1
Project("{2150E333-8FDC-42A3-9474-1A3956D46DE8}") = "tests", "tests", "{C0FE95C3-9625-4AE9-B41B-0F3F69A52787}"
EndProject
Project("{FAE04EC0-301F-11D3-BF4B-00C04F79EFBC}") = "EnrollmentService.UnitTesting", "EnrollmentService.UnitTesting\EnrollmentService.UnitTesting.csproj", "{737A33F7-F4D6-437A-958C-5EB50ECCF91D}"
EndProject
Project("{2150E333-8FDC-42A3-9474-1A3956D46DE8}") = "core", "core", "{7EFB258E-D4E4-40F2-8A94-485B20E5C547}"
EndProject
Project("{FAE04EC0-301F-11D3-BF4B-00C04F79EFBC}") = "EnrollmentService.Domain", "EnrollmentService.Domain\EnrollmentService.Domain.csproj", "{C0409B04-F5D3-4130-8992-200C83D0C58B}"
EndProject
Project("{2150E333-8FDC-42A3-9474-1A3956D46DE8}") = "src", "src", "{F45E0473-9F77-4D80-AAFC-F72BB61B8F64}"
EndProject
Project("{FAE04EC0-301F-11D3-BF4B-00C04F79EFBC}") = "EnrollmentService.Application", "EnrollmentService.Application\EnrollmentService.Application.csproj", "{BE78C107-2B14-45F1-8938-807DAEC7CC0C}"
EndProject
Project("{2150E333-8FDC-42A3-9474-1A3956D46DE8}") = "infrastructure", "infrastructure", "{C33FCE42-E95D-4376-9BCE-69989F40584C}"
EndProject
Project("{FAE04EC0-301F-11D3-BF4B-00C04F79EFBC}") = "EnrollmentService.Persistence", "EnrollmentService.Persistence\EnrollmentService.Persistence.csproj", "{82EDA204-D92F-4334-B515-4E4A0F9637D7}"
EndProject
Project("{2150E333-8FDC-42A3-9474-1A3956D46DE8}") = "api", "api", "{0118B1BA-CF5E-4700-91F1-9018A0A28AD7}"
EndProject
Project("{FAE04EC0-301F-11D3-BF4B-00C04F79EFBC}") = "EnrollmentService.API", "EnrollmentService.API\EnrollmentService.API.csproj", "{F6842F0A-A439-40F1-BED8-FED1D5131899}"
EndProject
Project("{FAE04EC0-301F-11D3-BF4B-00C04F79EFBC}") = "EnrollmentService.Infrastructure", "EnrollmentService.Infrastructure\EnrollmentService.Infrastructure.csproj", "{DEB1EF13-5B6A-45D4-ACCE-63EF3624D49A}"
EndProject
Global
	GlobalSection(SolutionConfigurationPlatforms) = preSolution
		Debug|Any CPU = Debug|Any CPU
		Debug|x64 = Debug|x64
		Debug|x86 = Debug|x86
		Release|Any CPU = Release|Any CPU
		Release|x64 = Release|x64
		Release|x86 = Release|x86
	EndGlobalSection
	GlobalSection(SolutionProperties) = preSolution
		HideSolutionNode = FALSE
	EndGlobalSection
	GlobalSection(ProjectConfigurationPlatforms) = postSolution
		{737A33F7-F4D6-437A-958C-5EB50ECCF91D}.Debug|Any CPU.ActiveCfg = Debug|Any CPU
		{737A33F7-F4D6-437A-958C-5EB50ECCF91D}.Debug|Any CPU.Build.0 = Debug|Any CPU
		{737A33F7-F4D6-437A-958C-5EB50ECCF91D}.Debug|x64.ActiveCfg = Debug|Any CPU
		{737A33F7-F4D6-437A-958C-5EB50ECCF91D}.Debug|x64.Build.0 = Debug|Any CPU
		{737A33F7-F4D6-437A-958C-5EB50ECCF91D}.Debug|x86.ActiveCfg = Debug|Any CPU
		{737A33F7-F4D6-437A-958C-5EB50ECCF91D}.Debug|x86.Build.0 = Debug|Any CPU
		{737A33F7-F4D6-437A-958C-5EB50ECCF91D}.Release|Any CPU.ActiveCfg = Release|Any CPU
		{737A33F7-F4D6-437A-958C-5EB50ECCF91D}.Release|Any CPU.Build.0 = Release|Any CPU
		{737A33F7-F4D6-437A-958C-5EB50ECCF91D}.Release|x64.ActiveCfg = Release|Any CPU
		{737A33F7-F4D6-437A-958C-5EB50ECCF91D}.Release|x64.Build.0 = Release|Any CPU
		{737A33F7-F4D6-437A-958C-5EB50ECCF91D}.Release|x86.ActiveCfg = Release|Any CPU
		{737A33F7-F4D6-437A-958C-5EB50ECCF91D}.Release|x86.Build.0 = Release|Any CPU
		{C0409B04-F5D3-4130-8992-200C83D0C58B}.Debug|Any CPU.ActiveCfg = Debug|Any CPU
		{C0409B04-F5D3-4130-8992-200C83D0C58B}.Debug|Any CPU.Build.0 = Debug|Any CPU
		{C0409B04-F5D3-4130-8992-200C83D0C58B}.Debug|x64.ActiveCfg = Debug|Any CPU
		{C0409B04-F5D3-4130-8992-200C83D0C58B}.Debug|x64.Build.0 = Debug|Any CPU
		{C0409B04-F5D3-4130-8992-200C83D0C58B}.Debug|x86.ActiveCfg = Debug|Any CPU
		{C0409B04-F5D3-4130-8992-200C83D0C58B}.Debug|x86.Build.0 = Debug|Any CPU
		{C0409B04-F5D3-4130-8992-200C83D0C58B}.Release|Any CPU.ActiveCfg = Release|Any CPU
		{C0409B04-F5D3-4130-8992-200C83D0C58B}.Release|Any CPU.Build.0 = Release|Any CPU
		{C0409B04-F5D3-4130-8992-200C83D0C58B}.Release|x64.ActiveCfg = Release|Any CPU
		{C0409B04-F5D3-4130-8992-200C83D0C58B}.Release|x64.Build.0 = Release|Any CPU
		{C0409B04-F5D3-4130-8992-200C83D0C58B}.Release|x86.ActiveCfg = Release|Any CPU
		{C0409B04-F5D3-4130-8992-200C83D0C58B}.Release|x86.Build.0 = Release|Any CPU
		{BE78C107-2B14-45F1-8938-807DAEC7CC0C}.Debug|Any CPU.ActiveCfg = Debug|Any CPU
		{BE78C107-2B14-45F1-8938-807DAEC7CC0C}.Debug|Any CPU.Build.0 = Debug|Any CPU
		{BE78C107-2B14-45F1-8938-807DAEC7CC0C}.Debug|x64.ActiveCfg = Debug|Any CPU
		{BE78C107-2B14-45F1-8938-807DAEC7CC0C}.Debug|x64.Build.0 = Debug|Any CPU
		{BE78C107-2B14-45F1-8938-807DAEC7CC0C}.Debug|x86.ActiveCfg = Debug|Any CPU
		{BE78C107-2B14-45F1-8938-807DAEC7CC0C}.Debug|x86.Build.0 = Debug|Any CPU
		{BE78C107-2B14-45F1-8938-807DAEC7CC0C}.Release|Any CPU.ActiveCfg = Release|Any CPU
		{BE78C107-2B14-45F1-8938-807DAEC7CC0C}.Release|Any CPU.Build.0 = Release|Any CPU
		{BE78C107-2B14-45F1-8938-807DAEC7CC0C}.Release|x64.ActiveCfg = Release|Any CPU
		{BE78C107-2B14-45F1-8938-807DAEC7CC0C}.Release|x64.Build.0 = Release|Any CPU
		{BE78C107-2B14-45F1-8938-807DAEC7CC0C}.Release|x86.ActiveCfg = Release|Any CPU
		{BE78C107-2B14-45F1-8938-807DAEC7CC0C}.Release|x86.Build.0 = Release|Any CPU
		{82EDA204-D92F-4334-B515-4E4A0F9637D7}.Debug|Any CPU.ActiveCfg = Debug|Any CPU
		{82EDA204-D92F-4334-B515-4E4A0F9637D7}.Debug|Any CPU.Build.0 = Debug|Any CPU
		{82EDA204-D92F-4334-B515-4E4A0F9637D7}.Debug|x64.ActiveCfg = Debug|Any CPU
		{82EDA204-D92F-4334-B515-4E4A0F9637D7}.Debug|x64.Build.0 = Debug|Any CPU
		{82EDA204-D92F-4334-B515-4E4A0F9637D7}.Debug|x86.ActiveCfg = Debug|Any CPU
		{82EDA204-D92F-4334-B515-4E4A0F9637D7}.Debug|x86.Build.0 = Debug|Any CPU
		{82EDA204-D92F-4334-B515-4E4A0F9637D7}.Release|Any CPU.ActiveCfg = Release|Any CPU
		{82EDA204-D92F-4334-B515-4E4A0F9637D7}.Release|Any CPU.Build.0 = Release|Any CPU
		{82EDA204-D92F-4334-B515-4E4A0F9637D7}.Release|x64.ActiveCfg = Release|Any CPU
		{82EDA204-D92F-4334-B515-4E4A0F9637D7}.Release|x64.Build.0 = Release|Any CPU
		{82EDA204-D92F-4334-B515-4E4A0F9637D7}.Release|x86.ActiveCfg = Release|Any CPU
		{82EDA204-D92F-4334-B515-4E4A0F9637D7}.Release|x86.Build.0 = Release|Any CPU
		{F6842F0A-A439-40F1-BED8-FED1D5131899}.Debug|Any CPU.ActiveCfg = Debug|Any CPU
		{F6842F0A-A439-40F1-BED8-FED1D5131899}.Debug|Any CPU.Build.0 = Debug|Any CPU
		{F6842F0A-A439-40F1-BED8-FED1D5131899}.Debug|x64.ActiveCfg = Debug|Any CPU
		{F6842F0A-A439-40F1-BED8-FED1D5131899}.Debug|x64.Build.0 = Debug|Any CPU
		{F6842F0A-A439-40F1-BED8-FED1D5131899}.Debug|x86.ActiveCfg = Debug|Any CPU
		{F6842F0A-A439-40F1-BED8-FED1D5131899}.Debug|x86.Build.0 = Debug|Any CPU
		{F6842F0A-A439-40F1-BED8-FED1D5131899}.Release|Any CPU.ActiveCfg = Release|Any CPU
		{F6842F0A-A439-40F1-BED8-FED1D5131899}.Release|Any CPU.Build.0 = Release|Any CPU
		{F6842F0A-A439-40F1-BED8-FED1D5131899}.Release|x64.ActiveCfg = Release|Any CPU
		{F6842F0A-A439-40F1-BED8-FED1D5131899}.Release|x64.Build.0 = Release|Any CPU
		{F6842F0A-A439-40F1-BED8-FED1D5131899}.Release|x86.ActiveCfg = Release|Any CPU
		{F6842F0A-A439-40F1-BED8-FED1D5131899}.Release|x86.Build.0 = Release|Any CPU
		{DEB1EF13-5B6A-45D4-ACCE-63EF3624D49A}.Debug|Any CPU.ActiveCfg = Debug|Any CPU
		{DEB1EF13-5B6A-45D4-ACCE-63EF3624D49A}.Debug|Any CPU.Build.0 = Debug|Any CPU
		{DEB1EF13-5B6A-45D4-ACCE-63EF3624D49A}.Debug|x64.ActiveCfg = Debug|Any CPU
		{DEB1EF13-5B6A-45D4-ACCE-63EF3624D49A}.Debug|x64.Build.0 = Debug|Any CPU
		{DEB1EF13-5B6A-45D4-ACCE-63EF3624D49A}.Debug|x86.ActiveCfg = Debug|Any CPU
		{DEB1EF13-5B6A-45D4-ACCE-63EF3624D49A}.Debug|x86.Build.0 = Debug|Any CPU
		{DEB1EF13-5B6A-45D4-ACCE-63EF3624D49A}.Release|Any CPU.ActiveCfg = Release|Any CPU
		{DEB1EF13-5B6A-45D4-ACCE-63EF3624D49A}.Release|Any CPU.Build.0 = Release|Any CPU
		{DEB1EF13-5B6A-45D4-ACCE-63EF3624D49A}.Release|x64.ActiveCfg = Release|Any CPU
		{DEB1EF13-5B6A-45D4-ACCE-63EF3624D49A}.Release|x64.Build.0 = Release|Any CPU
		{DEB1EF13-5B6A-45D4-ACCE-63EF3624D49A}.Release|x86.ActiveCfg = Release|Any CPU
		{DEB1EF13-5B6A-45D4-ACCE-63EF3624D49A}.Release|x86.Build.0 = Release|Any CPU
	EndGlobalSection
	GlobalSection(NestedProjects) = preSolution
		{737A33F7-F4D6-437A-958C-5EB50ECCF91D} = {C0FE95C3-9625-4AE9-B41B-0F3F69A52787}
		{C0409B04-F5D3-4130-8992-200C83D0C58B} = {7EFB258E-D4E4-40F2-8A94-485B20E5C547}
		{7EFB258E-D4E4-40F2-8A94-485B20E5C547} = {F45E0473-9F77-4D80-AAFC-F72BB61B8F64}
		{BE78C107-2B14-45F1-8938-807DAEC7CC0C} = {7EFB258E-D4E4-40F2-8A94-485B20E5C547}
		{C33FCE42-E95D-4376-9BCE-69989F40584C} = {F45E0473-9F77-4D80-AAFC-F72BB61B8F64}
		{82EDA204-D92F-4334-B515-4E4A0F9637D7} = {C33FCE42-E95D-4376-9BCE-69989F40584C}
		{0118B1BA-CF5E-4700-91F1-9018A0A28AD7} = {F45E0473-9F77-4D80-AAFC-F72BB61B8F64}
		{F6842F0A-A439-40F1-BED8-FED1D5131899} = {0118B1BA-CF5E-4700-91F1-9018A0A28AD7}
		{DEB1EF13-5B6A-45D4-ACCE-63EF3624D49A} = {C33FCE42-E95D-4376-9BCE-69989F40584C}
	EndGlobalSection
EndGlobal
