
Microsoft Visual Studio Solution File, Format Version 12.00
# Visual Studio Version 16
VisualStudioVersion = 16.0.30114.105
MinimumVisualStudioVersion = 10.0.40219.1
Project("{2150E333-8FDC-42A3-9474-1A3956D46DE8}") = "tests", "tests", "{BD48DDB5-87CD-4ED7-A304-57E96C4DCD7E}"
EndProject
Project("{FAE04EC0-301F-11D3-BF4B-00C04F79EFBC}") = "CourseService.UnitTesting", "CourseService.UnitTesting\CourseService.UnitTesting.csproj", "{C9071320-8532-4ECD-8FC5-33D8EF72DC46}"
EndProject
Project("{2150E333-8FDC-42A3-9474-1A3956D46DE8}") = "src", "src", "{4C8AA06C-0BC0-4D8A-8C3F-B9852F2E3B0C}"
EndProject
Project("{2150E333-8FDC-42A3-9474-1A3956D46DE8}") = "core", "core", "{39C23E17-68DB-418F-AAC0-3935AE7E17B9}"
EndProject
Project("{FAE04EC0-301F-11D3-BF4B-00C04F79EFBC}") = "CourseService.Domain", "CourseService.Domain\CourseService.Domain.csproj", "{4C936375-B3A8-4507-A3A6-3B9992560349}"
EndProject
Project("{FAE04EC0-301F-11D3-BF4B-00C04F79EFBC}") = "CourseService.Application", "CourseService.Application\CourseService.Application.csproj", "{18D61440-F287-4CB8-98DB-95AEB0BFD987}"
EndProject
Project("{2150E333-8FDC-42A3-9474-1A3956D46DE8}") = "api", "api", "{6B7B9797-B779-4909-830A-66D7D497227A}"
EndProject
Project("{FAE04EC0-301F-11D3-BF4B-00C04F79EFBC}") = "CourseService.API", "CourseService.API\CourseService.API.csproj", "{E7E20875-15FD-48F8-9DDD-8954F31B97ED}"
EndProject
Project("{2150E333-8FDC-42A3-9474-1A3956D46DE8}") = "infrastructure", "infrastructure", "{18233131-0AE6-4A09-A461-791B210480B9}"
EndProject
Project("{FAE04EC0-301F-11D3-BF4B-00C04F79EFBC}") = "CourseService.Persistence", "CourseService.Persistence\CourseService.Persistence.csproj", "{0983B80B-3A3D-4288-9B6E-8A0E666CA2C6}"
EndProject
Project("{FAE04EC0-301F-11D3-BF4B-00C04F79EFBC}") = "CourseService.Infrastructure", "CourseService.Infrastructure\CourseService.Infrastructure.csproj", "{15883A90-5EA1-408A-84E0-161D9070A30C}"
EndProject
Global
	GlobalSection(SolutionConfigurationPlatforms) = preSolution
		Debug|Any CPU = Debug|Any CPU
		Debug|x64 = Debug|x64
		Debug|x86 = Debug|x86
		Release|Any CPU = Release|Any CPU
		Release|x64 = Release|x64
		Release|x86 = Release|x86
	EndGlobalSection
	GlobalSection(SolutionProperties) = preSolution
		HideSolutionNode = FALSE
	EndGlobalSection
	GlobalSection(NestedProjects) = preSolution
		{C9071320-8532-4ECD-8FC5-33D8EF72DC46} = {BD48DDB5-87CD-4ED7-A304-57E96C4DCD7E}
		{39C23E17-68DB-418F-AAC0-3935AE7E17B9} = {4C8AA06C-0BC0-4D8A-8C3F-B9852F2E3B0C}
		{4C936375-B3A8-4507-A3A6-3B9992560349} = {39C23E17-68DB-418F-AAC0-3935AE7E17B9}
		{18D61440-F287-4CB8-98DB-95AEB0BFD987} = {39C23E17-68DB-418F-AAC0-3935AE7E17B9}
		{6B7B9797-B779-4909-830A-66D7D497227A} = {4C8AA06C-0BC0-4D8A-8C3F-B9852F2E3B0C}
		{E7E20875-15FD-48F8-9DDD-8954F31B97ED} = {6B7B9797-B779-4909-830A-66D7D497227A}
		{18233131-0AE6-4A09-A461-791B210480B9} = {4C8AA06C-0BC0-4D8A-8C3F-B9852F2E3B0C}
		{0983B80B-3A3D-4288-9B6E-8A0E666CA2C6} = {18233131-0AE6-4A09-A461-791B210480B9}
		{15883A90-5EA1-408A-84E0-161D9070A30C} = {18233131-0AE6-4A09-A461-791B210480B9}
	EndGlobalSection
	GlobalSection(ProjectConfigurationPlatforms) = postSolution
		{C9071320-8532-4ECD-8FC5-33D8EF72DC46}.Debug|Any CPU.ActiveCfg = Debug|Any CPU
		{C9071320-8532-4ECD-8FC5-33D8EF72DC46}.Debug|Any CPU.Build.0 = Debug|Any CPU
		{C9071320-8532-4ECD-8FC5-33D8EF72DC46}.Debug|x64.ActiveCfg = Debug|Any CPU
		{C9071320-8532-4ECD-8FC5-33D8EF72DC46}.Debug|x64.Build.0 = Debug|Any CPU
		{C9071320-8532-4ECD-8FC5-33D8EF72DC46}.Debug|x86.ActiveCfg = Debug|Any CPU
		{C9071320-8532-4ECD-8FC5-33D8EF72DC46}.Debug|x86.Build.0 = Debug|Any CPU
		{C9071320-8532-4ECD-8FC5-33D8EF72DC46}.Release|Any CPU.ActiveCfg = Release|Any CPU
		{C9071320-8532-4ECD-8FC5-33D8EF72DC46}.Release|Any CPU.Build.0 = Release|Any CPU
		{C9071320-8532-4ECD-8FC5-33D8EF72DC46}.Release|x64.ActiveCfg = Release|Any CPU
		{C9071320-8532-4ECD-8FC5-33D8EF72DC46}.Release|x64.Build.0 = Release|Any CPU
		{C9071320-8532-4ECD-8FC5-33D8EF72DC46}.Release|x86.ActiveCfg = Release|Any CPU
		{C9071320-8532-4ECD-8FC5-33D8EF72DC46}.Release|x86.Build.0 = Release|Any CPU
		{4C936375-B3A8-4507-A3A6-3B9992560349}.Debug|Any CPU.ActiveCfg = Debug|Any CPU
		{4C936375-B3A8-4507-A3A6-3B9992560349}.Debug|Any CPU.Build.0 = Debug|Any CPU
		{4C936375-B3A8-4507-A3A6-3B9992560349}.Debug|x64.ActiveCfg = Debug|Any CPU
		{4C936375-B3A8-4507-A3A6-3B9992560349}.Debug|x64.Build.0 = Debug|Any CPU
		{4C936375-B3A8-4507-A3A6-3B9992560349}.Debug|x86.ActiveCfg = Debug|Any CPU
		{4C936375-B3A8-4507-A3A6-3B9992560349}.Debug|x86.Build.0 = Debug|Any CPU
		{4C936375-B3A8-4507-A3A6-3B9992560349}.Release|Any CPU.ActiveCfg = Release|Any CPU
		{4C936375-B3A8-4507-A3A6-3B9992560349}.Release|Any CPU.Build.0 = Release|Any CPU
		{4C936375-B3A8-4507-A3A6-3B9992560349}.Release|x64.ActiveCfg = Release|Any CPU
		{4C936375-B3A8-4507-A3A6-3B9992560349}.Release|x64.Build.0 = Release|Any CPU
		{4C936375-B3A8-4507-A3A6-3B9992560349}.Release|x86.ActiveCfg = Release|Any CPU
		{4C936375-B3A8-4507-A3A6-3B9992560349}.Release|x86.Build.0 = Release|Any CPU
		{18D61440-F287-4CB8-98DB-95AEB0BFD987}.Debug|Any CPU.ActiveCfg = Debug|Any CPU
		{18D61440-F287-4CB8-98DB-95AEB0BFD987}.Debug|Any CPU.Build.0 = Debug|Any CPU
		{18D61440-F287-4CB8-98DB-95AEB0BFD987}.Debug|x64.ActiveCfg = Debug|Any CPU
		{18D61440-F287-4CB8-98DB-95AEB0BFD987}.Debug|x64.Build.0 = Debug|Any CPU
		{18D61440-F287-4CB8-98DB-95AEB0BFD987}.Debug|x86.ActiveCfg = Debug|Any CPU
		{18D61440-F287-4CB8-98DB-95AEB0BFD987}.Debug|x86.Build.0 = Debug|Any CPU
		{18D61440-F287-4CB8-98DB-95AEB0BFD987}.Release|Any CPU.ActiveCfg = Release|Any CPU
		{18D61440-F287-4CB8-98DB-95AEB0BFD987}.Release|Any CPU.Build.0 = Release|Any CPU
		{18D61440-F287-4CB8-98DB-95AEB0BFD987}.Release|x64.ActiveCfg = Release|Any CPU
		{18D61440-F287-4CB8-98DB-95AEB0BFD987}.Release|x64.Build.0 = Release|Any CPU
		{18D61440-F287-4CB8-98DB-95AEB0BFD987}.Release|x86.ActiveCfg = Release|Any CPU
		{18D61440-F287-4CB8-98DB-95AEB0BFD987}.Release|x86.Build.0 = Release|Any CPU
		{E7E20875-15FD-48F8-9DDD-8954F31B97ED}.Debug|Any CPU.ActiveCfg = Debug|Any CPU
		{E7E20875-15FD-48F8-9DDD-8954F31B97ED}.Debug|Any CPU.Build.0 = Debug|Any CPU
		{E7E20875-15FD-48F8-9DDD-8954F31B97ED}.Debug|x64.ActiveCfg = Debug|Any CPU
		{E7E20875-15FD-48F8-9DDD-8954F31B97ED}.Debug|x64.Build.0 = Debug|Any CPU
		{E7E20875-15FD-48F8-9DDD-8954F31B97ED}.Debug|x86.ActiveCfg = Debug|Any CPU
		{E7E20875-15FD-48F8-9DDD-8954F31B97ED}.Debug|x86.Build.0 = Debug|Any CPU
		{E7E20875-15FD-48F8-9DDD-8954F31B97ED}.Release|Any CPU.ActiveCfg = Release|Any CPU
		{E7E20875-15FD-48F8-9DDD-8954F31B97ED}.Release|Any CPU.Build.0 = Release|Any CPU
		{E7E20875-15FD-48F8-9DDD-8954F31B97ED}.Release|x64.ActiveCfg = Release|Any CPU
		{E7E20875-15FD-48F8-9DDD-8954F31B97ED}.Release|x64.Build.0 = Release|Any CPU
		{E7E20875-15FD-48F8-9DDD-8954F31B97ED}.Release|x86.ActiveCfg = Release|Any CPU
		{E7E20875-15FD-48F8-9DDD-8954F31B97ED}.Release|x86.Build.0 = Release|Any CPU
		{0983B80B-3A3D-4288-9B6E-8A0E666CA2C6}.Debug|Any CPU.ActiveCfg = Debug|Any CPU
		{0983B80B-3A3D-4288-9B6E-8A0E666CA2C6}.Debug|Any CPU.Build.0 = Debug|Any CPU
		{0983B80B-3A3D-4288-9B6E-8A0E666CA2C6}.Debug|x64.ActiveCfg = Debug|Any CPU
		{0983B80B-3A3D-4288-9B6E-8A0E666CA2C6}.Debug|x64.Build.0 = Debug|Any CPU
		{0983B80B-3A3D-4288-9B6E-8A0E666CA2C6}.Debug|x86.ActiveCfg = Debug|Any CPU
		{0983B80B-3A3D-4288-9B6E-8A0E666CA2C6}.Debug|x86.Build.0 = Debug|Any CPU
		{0983B80B-3A3D-4288-9B6E-8A0E666CA2C6}.Release|Any CPU.ActiveCfg = Release|Any CPU
		{0983B80B-3A3D-4288-9B6E-8A0E666CA2C6}.Release|Any CPU.Build.0 = Release|Any CPU
		{0983B80B-3A3D-4288-9B6E-8A0E666CA2C6}.Release|x64.ActiveCfg = Release|Any CPU
		{0983B80B-3A3D-4288-9B6E-8A0E666CA2C6}.Release|x64.Build.0 = Release|Any CPU
		{0983B80B-3A3D-4288-9B6E-8A0E666CA2C6}.Release|x86.ActiveCfg = Release|Any CPU
		{0983B80B-3A3D-4288-9B6E-8A0E666CA2C6}.Release|x86.Build.0 = Release|Any CPU
		{15883A90-5EA1-408A-84E0-161D9070A30C}.Debug|Any CPU.ActiveCfg = Debug|Any CPU
		{15883A90-5EA1-408A-84E0-161D9070A30C}.Debug|Any CPU.Build.0 = Debug|Any CPU
		{15883A90-5EA1-408A-84E0-161D9070A30C}.Debug|x64.ActiveCfg = Debug|Any CPU
		{15883A90-5EA1-408A-84E0-161D9070A30C}.Debug|x64.Build.0 = Debug|Any CPU
		{15883A90-5EA1-408A-84E0-161D9070A30C}.Debug|x86.ActiveCfg = Debug|Any CPU
		{15883A90-5EA1-408A-84E0-161D9070A30C}.Debug|x86.Build.0 = Debug|Any CPU
		{15883A90-5EA1-408A-84E0-161D9070A30C}.Release|Any CPU.ActiveCfg = Release|Any CPU
		{15883A90-5EA1-408A-84E0-161D9070A30C}.Release|Any CPU.Build.0 = Release|Any CPU
		{15883A90-5EA1-408A-84E0-161D9070A30C}.Release|x64.ActiveCfg = Release|Any CPU
		{15883A90-5EA1-408A-84E0-161D9070A30C}.Release|x64.Build.0 = Release|Any CPU
		{15883A90-5EA1-408A-84E0-161D9070A30C}.Release|x86.ActiveCfg = Release|Any CPU
		{15883A90-5EA1-408A-84E0-161D9070A30C}.Release|x86.Build.0 = Release|Any CPU
	EndGlobalSection
EndGlobal
